{
  "name": "test",
  "version": "0.0.0",
  "lockfileVersion": 3,
  "requires": true,
  "packages": {
    "": {
      "name": "test",
      "version": "0.0.0",
      "dependencies": {
        "main-thread-scheduling": "^8.0.0",
        "rollup-plugin-closure-compiler": "^0.1.0"
      },
      "devDependencies": {
        "typescript": "^5.0.2",
        "vite": "^4.3.2"
      }
    },
    "node_modules/@esbuild/darwin-arm64": {
      "version": "0.17.18",
      "resolved": "https://registry.npmjs.org/@esbuild/darwin-arm64/-/darwin-arm64-0.17.18.tgz",
      "integrity": "sha512-6tY+djEAdF48M1ONWnQb1C+6LiXrKjmqjzPNPWXhu/GzOHTHX2nh8Mo2ZAmBFg0kIodHhciEgUBtcYCAIjGbjQ==",
      "cpu": [
        "arm64"
      ],
      "dev": true,
      "optional": true,
      "os": [
        "darwin"
      ],
      "engines": {
        "node": ">=12"
      }
    },
    "node_modules/ansi-styles": {
      "version": "4.3.0",
      "resolved": "https://registry.npmjs.org/ansi-styles/-/ansi-styles-4.3.0.tgz",
      "integrity": "sha512-zbB9rCJAT1rbjiVDb2hqKFHNYLxgtk8NURxZ3IZwD3F6NtxbXZQCnnSi1Lkx+IDohdPlFp222wVALIheZJQSEg==",
      "dependencies": {
        "color-convert": "^2.0.1"
      },
      "engines": {
        "node": ">=8"
      },
      "funding": {
        "url": "https://github.com/chalk/ansi-styles?sponsor=1"
      }
    },
    "node_modules/chalk": {
      "version": "4.1.2",
      "resolved": "https://registry.npmjs.org/chalk/-/chalk-4.1.2.tgz",
      "integrity": "sha512-oKnbhFyRIXpUuez8iBMmyEa4nbj4IOQyuhc/wy9kY7/WVPcwIO9VA668Pu8RkO7+0G76SLROeyw9CpQ061i4mA==",
      "dependencies": {
        "ansi-styles": "^4.1.0",
        "supports-color": "^7.1.0"
      },
      "engines": {
        "node": ">=10"
      },
      "funding": {
        "url": "https://github.com/chalk/chalk?sponsor=1"
      }
    },
    "node_modules/clone": {
      "version": "2.1.2",
      "resolved": "https://registry.npmjs.org/clone/-/clone-2.1.2.tgz",
      "integrity": "sha512-3Pe/CF1Nn94hyhIYpjtiLhdCoEoz0DqQ+988E9gmeEdQZlojxnOb74wctFyuwWQHzqyf9X7C7MG8juUpqBJT8w==",
      "engines": {
        "node": ">=0.8"
      }
    },
    "node_modules/clone-buffer": {
      "version": "1.0.0",
      "resolved": "https://registry.npmjs.org/clone-buffer/-/clone-buffer-1.0.0.tgz",
      "integrity": "sha512-KLLTJWrvwIP+OPfMn0x2PheDEP20RPUcGXj/ERegTgdmPEZylALQldygiqrPPu8P45uNuPs7ckmReLY6v/iA5g==",
      "engines": {
        "node": ">= 0.10"
      }
    },
    "node_modules/clone-stats": {
      "version": "1.0.0",
      "resolved": "https://registry.npmjs.org/clone-stats/-/clone-stats-1.0.0.tgz",
      "integrity": "sha512-au6ydSpg6nsrigcZ4m8Bc9hxjeW+GJ8xh5G3BJCMt4WXe1H10UNaVOamqQTmrx1kjVuxAHIQSNU6hY4Nsn9/ag=="
    },
    "node_modules/cloneable-readable": {
      "version": "1.1.3",
      "resolved": "https://registry.npmjs.org/cloneable-readable/-/cloneable-readable-1.1.3.tgz",
      "integrity": "sha512-2EF8zTQOxYq70Y4XKtorQupqF0m49MBz2/yf5Bj+MHjvpG3Hy7sImifnqD6UA+TKYxeSV+u6qqQPawN5UvnpKQ==",
      "dependencies": {
        "inherits": "^2.0.1",
        "process-nextick-args": "^2.0.0",
        "readable-stream": "^2.3.5"
      }
    },
    "node_modules/color-convert": {
      "version": "2.0.1",
      "resolved": "https://registry.npmjs.org/color-convert/-/color-convert-2.0.1.tgz",
      "integrity": "sha512-RRECPsj7iu/xb5oKYcsFHSppFNnsj/52OVTRKb4zP5onXwVF3zVmmToNcOfGC+CRDpfK/U584fMg38ZHCaElKQ==",
      "dependencies": {
        "color-name": "~1.1.4"
      },
      "engines": {
        "node": ">=7.0.0"
      }
    },
    "node_modules/color-name": {
      "version": "1.1.4",
      "resolved": "https://registry.npmjs.org/color-name/-/color-name-1.1.4.tgz",
      "integrity": "sha512-dOy+3AuW3a2wNbZHIuMZpTcgjGuLU/uBL/ubcZF9OXbDo8ff4O8yVp5Bf0efS8uEoYo5q4Fx7dY9OgQGXgAsQA=="
    },
    "node_modules/core-util-is": {
      "version": "1.0.3",
      "resolved": "https://registry.npmjs.org/core-util-is/-/core-util-is-1.0.3.tgz",
      "integrity": "sha512-ZQBvi1DcpJ4GDqanjucZ2Hj3wEO5pZDS89BWbkcrvdxksJorwUDDZamX9ldFkp9aw2lmBDLgkObEA4DWNJ9FYQ=="
    },
    "node_modules/esbuild": {
      "version": "0.17.18",
      "resolved": "https://registry.npmjs.org/esbuild/-/esbuild-0.17.18.tgz",
      "integrity": "sha512-z1lix43jBs6UKjcZVKOw2xx69ffE2aG0PygLL5qJ9OS/gy0Ewd1gW/PUQIOIQGXBHWNywSc0floSKoMFF8aK2w==",
      "dev": true,
      "hasInstallScript": true,
      "bin": {
        "esbuild": "bin/esbuild"
      },
      "engines": {
        "node": ">=12"
      },
      "optionalDependencies": {
        "@esbuild/android-arm": "0.17.18",
        "@esbuild/android-arm64": "0.17.18",
        "@esbuild/android-x64": "0.17.18",
        "@esbuild/darwin-arm64": "0.17.18",
        "@esbuild/darwin-x64": "0.17.18",
        "@esbuild/freebsd-arm64": "0.17.18",
        "@esbuild/freebsd-x64": "0.17.18",
        "@esbuild/linux-arm": "0.17.18",
        "@esbuild/linux-arm64": "0.17.18",
        "@esbuild/linux-ia32": "0.17.18",
        "@esbuild/linux-loong64": "0.17.18",
        "@esbuild/linux-mips64el": "0.17.18",
        "@esbuild/linux-ppc64": "0.17.18",
        "@esbuild/linux-riscv64": "0.17.18",
        "@esbuild/linux-s390x": "0.17.18",
        "@esbuild/linux-x64": "0.17.18",
        "@esbuild/netbsd-x64": "0.17.18",
        "@esbuild/openbsd-x64": "0.17.18",
        "@esbuild/sunos-x64": "0.17.18",
        "@esbuild/win32-arm64": "0.17.18",
        "@esbuild/win32-ia32": "0.17.18",
        "@esbuild/win32-x64": "0.17.18"
      }
    },
    "node_modules/fsevents": {
      "version": "2.3.2",
      "resolved": "https://registry.npmjs.org/fsevents/-/fsevents-2.3.2.tgz",
      "integrity": "sha512-xiqMQR4xAeHTuB9uWm+fFRcIOgKBMiOBP+eXiyT7jsgVCq1bkVygt00oASowB7EdtpOHaaPgKt812P9ab+DDKA==",
      "dev": true,
      "hasInstallScript": true,
      "optional": true,
      "os": [
        "darwin"
      ],
      "engines": {
        "node": "^8.16.0 || ^10.6.0 || >=11.0.0"
      }
    },
    "node_modules/google-closure-compiler": {
      "version": "20230802.0.0",
      "resolved": "https://registry.npmjs.org/google-closure-compiler/-/google-closure-compiler-20230802.0.0.tgz",
      "integrity": "sha512-o2fYoc8lqOBdhm95Ick0vWrtwH2Icd5yLZhbTcQ0T7NfGiBepYvx1BB63hR8ebgzEZemz9Fh+O6Kg/3Mjm28ww==",
      "dependencies": {
        "chalk": "4.x",
        "google-closure-compiler-java": "^20230802.0.0",
        "minimist": "1.x",
        "vinyl": "2.x",
        "vinyl-sourcemaps-apply": "^0.2.0"
      },
      "bin": {
        "google-closure-compiler": "cli.js"
      },
      "engines": {
        "node": ">=10"
      },
      "optionalDependencies": {
        "google-closure-compiler-linux": "^20230802.0.0",
        "google-closure-compiler-osx": "^20230802.0.0",
        "google-closure-compiler-windows": "^20230802.0.0"
      }
    },
    "node_modules/google-closure-compiler-java": {
      "version": "20230802.0.0",
      "resolved": "https://registry.npmjs.org/google-closure-compiler-java/-/google-closure-compiler-java-20230802.0.0.tgz",
      "integrity": "sha512-PWKLMLwj7pR/U0yYbiy649LLqAscu+F1gyY4Y/jK6CmSLb8cIJbL8BTJd00828TzTNfWnYwxbkcQw0y9C2YsGw=="
    },
    "node_modules/google-closure-compiler-linux": {
      "version": "20230802.0.0",
      "resolved": "https://registry.npmjs.org/google-closure-compiler-linux/-/google-closure-compiler-linux-20230802.0.0.tgz",
      "integrity": "sha512-F13U4iSXiWeGtHOFS25LVem1s6zI+pJvXVPVR7zSib5ppoUJ0JXnABJQezUR3FnpxmnkALG4oIGW0syH9zPLZA==",
      "cpu": [
        "x32",
        "x64"
      ],
      "optional": true,
      "os": [
        "linux"
      ]
    },
    "node_modules/google-closure-compiler-osx": {
      "version": "20230802.0.0",
      "resolved": "https://registry.npmjs.org/google-closure-compiler-osx/-/google-closure-compiler-osx-20230802.0.0.tgz",
      "integrity": "sha512-ANAi/ux92Tt+Na7vFDLeK2hRzotjC5j+nxoPtE0OcuNcbjji5dREKoJxkq7r0YwRTCzAFZszK5ip/NPdTOdCEg==",
      "cpu": [
        "x32",
        "x64",
        "arm64"
      ],
      "optional": true,
      "os": [
        "darwin"
      ]
    },
    "node_modules/google-closure-compiler-windows": {
      "version": "20230802.0.0",
      "resolved": "https://registry.npmjs.org/google-closure-compiler-windows/-/google-closure-compiler-windows-20230802.0.0.tgz",
      "integrity": "sha512-ZQPujoNiiUyTGl8zEGR/0yAygWnbMtX/NQ/S/EHVgq5nmYkvDEVuiVbgpPAmO9lzBTq0hvUTRRATZbTU2ISxgA==",
      "cpu": [
        "x32",
        "x64"
      ],
      "optional": true,
      "os": [
        "win32"
      ]
    },
    "node_modules/has-flag": {
      "version": "4.0.0",
      "resolved": "https://registry.npmjs.org/has-flag/-/has-flag-4.0.0.tgz",
      "integrity": "sha512-EykJT/Q1KjTWctppgIAgfSO0tKVuZUjhgMr17kqTumMl6Afv3EISleU7qZUzoXDFTAHTDC4NOoG/ZxU3EvlMPQ==",
      "engines": {
        "node": ">=8"
      }
    },
    "node_modules/inherits": {
      "version": "2.0.4",
      "resolved": "https://registry.npmjs.org/inherits/-/inherits-2.0.4.tgz",
      "integrity": "sha512-k/vGaX4/Yla3WzyMCvTQOXYeIHvqOKtnqBduzTHpzpQZzAskKMhZ2K+EnBiSM9zGSoIFeMpXKxa4dYeZIQqewQ=="
    },
    "node_modules/isarray": {
      "version": "1.0.0",
      "resolved": "https://registry.npmjs.org/isarray/-/isarray-1.0.0.tgz",
      "integrity": "sha512-VLghIWNM6ELQzo7zwmcg0NmTVyWKYjvIeM83yjp0wRDTmUnrM678fQbcKBo6n2CJEF0szoG//ytg+TKla89ALQ=="
    },
    "node_modules/main-thread-scheduling": {
      "version": "8.0.0",
      "resolved": "https://registry.npmjs.org/main-thread-scheduling/-/main-thread-scheduling-8.0.0.tgz",
      "integrity": "sha512-DVYL6cQCRcSUugY4MMk5w7sVjQzHmUb8lnkN6HLcsLGR+GvVBSOSeGjGbUxsc4kIAEwAEVeVbC7M1hisSYOD9g==",
      "engines": {
        "node": ">=10"
      },
      "funding": {
        "url": "https://github.com/sponsors/astoilkov"
      }
    },
    "node_modules/minimist": {
      "version": "1.2.8",
      "resolved": "https://registry.npmjs.org/minimist/-/minimist-1.2.8.tgz",
      "integrity": "sha512-2yyAR8qBkN3YuheJanUpWC5U3bb5osDywNB8RzDVlDwDHbocAJveqqj1u8+SVD7jkWT4yvsHCpWqqWqAxb0zCA==",
      "funding": {
        "url": "https://github.com/sponsors/ljharb"
      }
    },
    "node_modules/nanoid": {
      "version": "3.3.6",
      "resolved": "https://registry.npmjs.org/nanoid/-/nanoid-3.3.6.tgz",
      "integrity": "sha512-BGcqMMJuToF7i1rt+2PWSNVnWIkGCU78jBG3RxO/bZlnZPK2Cmi2QaffxGO/2RvWi9sL+FAiRiXMgsyxQ1DIDA==",
      "dev": true,
      "funding": [
        {
          "type": "github",
          "url": "https://github.com/sponsors/ai"
        }
      ],
      "bin": {
        "nanoid": "bin/nanoid.cjs"
      },
      "engines": {
        "node": "^10 || ^12 || ^13.7 || ^14 || >=15.0.1"
      }
    },
    "node_modules/picocolors": {
      "version": "1.0.0",
      "resolved": "https://registry.npmjs.org/picocolors/-/picocolors-1.0.0.tgz",
      "integrity": "sha512-1fygroTLlHu66zi26VoTDv8yRgm0Fccecssto+MhsZ0D/DGW2sm8E8AjW7NU5VVTRt5GxbeZ5qBuJr+HyLYkjQ==",
      "dev": true
    },
    "node_modules/postcss": {
      "version": "8.4.23",
      "resolved": "https://registry.npmjs.org/postcss/-/postcss-8.4.23.tgz",
      "integrity": "sha512-bQ3qMcpF6A/YjR55xtoTr0jGOlnPOKAIMdOWiv0EIT6HVPEaJiJB4NLljSbiHoC2RX7DN5Uvjtpbg1NPdwv1oA==",
      "dev": true,
      "funding": [
        {
          "type": "opencollective",
          "url": "https://opencollective.com/postcss/"
        },
        {
          "type": "tidelift",
          "url": "https://tidelift.com/funding/github/npm/postcss"
        },
        {
          "type": "github",
          "url": "https://github.com/sponsors/ai"
        }
      ],
      "dependencies": {
        "nanoid": "^3.3.6",
        "picocolors": "^1.0.0",
        "source-map-js": "^1.0.2"
      },
      "engines": {
        "node": "^10 || ^12 || >=14"
      }
    },
    "node_modules/process-nextick-args": {
      "version": "2.0.1",
      "resolved": "https://registry.npmjs.org/process-nextick-args/-/process-nextick-args-2.0.1.tgz",
      "integrity": "sha512-3ouUOpQhtgrbOa17J7+uxOTpITYWaGP7/AhoR3+A+/1e9skrzelGi/dXzEYyvbxubEF6Wn2ypscTKiKJFFn1ag=="
    },
    "node_modules/readable-stream": {
      "version": "2.3.8",
      "resolved": "https://registry.npmjs.org/readable-stream/-/readable-stream-2.3.8.tgz",
      "integrity": "sha512-8p0AUk4XODgIewSi0l8Epjs+EVnWiK7NoDIEGU0HhE7+ZyY8D1IMY7odu5lRrFXGg71L15KG8QrPmum45RTtdA==",
      "dependencies": {
        "core-util-is": "~1.0.0",
        "inherits": "~2.0.3",
        "isarray": "~1.0.0",
        "process-nextick-args": "~2.0.0",
        "safe-buffer": "~5.1.1",
        "string_decoder": "~1.1.1",
        "util-deprecate": "~1.0.1"
      }
    },
    "node_modules/remove-trailing-separator": {
      "version": "1.1.0",
      "resolved": "https://registry.npmjs.org/remove-trailing-separator/-/remove-trailing-separator-1.1.0.tgz",
      "integrity": "sha512-/hS+Y0u3aOfIETiaiirUFwDBDzmXPvO+jAfKTitUngIPzdKc6Z0LoFjM/CK5PL4C+eKwHohlHAb6H0VFfmmUsw=="
    },
    "node_modules/replace-ext": {
      "version": "1.0.1",
      "resolved": "https://registry.npmjs.org/replace-ext/-/replace-ext-1.0.1.tgz",
      "integrity": "sha512-yD5BHCe7quCgBph4rMQ+0KkIRKwWCrHDOX1p1Gp6HwjPM5kVoCdKGNhN7ydqqsX6lJEnQDKZ/tFMiEdQ1dvPEw==",
      "engines": {
        "node": ">= 0.10"
      }
    },
    "node_modules/rollup": {
      "version": "3.21.0",
      "resolved": "https://registry.npmjs.org/rollup/-/rollup-3.21.0.tgz",
      "integrity": "sha512-ANPhVcyeHvYdQMUyCbczy33nbLzI7RzrBje4uvNiTDJGIMtlKoOStmympwr9OtS1LZxiDmE2wvxHyVhoLtf1KQ==",
      "dev": true,
      "bin": {
        "rollup": "dist/bin/rollup"
      },
      "engines": {
        "node": ">=14.18.0",
        "npm": ">=8.0.0"
      },
      "optionalDependencies": {
        "fsevents": "~2.3.2"
      }
    },
    "node_modules/rollup-plugin-closure-compiler": {
      "version": "0.1.0",
      "resolved": "https://registry.npmjs.org/rollup-plugin-closure-compiler/-/rollup-plugin-closure-compiler-0.1.0.tgz",
      "integrity": "sha512-k/JR4XELX/a0330VVB3/SoK9vt30S79sW0etX5qBrD376CfdjzErYGT8WAgCbv7H+/pOlcmtROK+g0RNO5OCGA==",
      "dependencies": {
        "google-closure-compiler": ">20170000",
        "tempfile": "^2.0.0"
      }
    },
    "node_modules/safe-buffer": {
      "version": "5.1.2",
      "resolved": "https://registry.npmjs.org/safe-buffer/-/safe-buffer-5.1.2.tgz",
      "integrity": "sha512-Gd2UZBJDkXlY7GbJxfsE8/nvKkUEU1G38c1siN6QP6a9PT9MmHB8GnpscSmMJSoF8LOIrt8ud/wPtojys4G6+g=="
    },
    "node_modules/source-map": {
      "version": "0.5.7",
      "resolved": "https://registry.npmjs.org/source-map/-/source-map-0.5.7.tgz",
      "integrity": "sha512-LbrmJOMUSdEVxIKvdcJzQC+nQhe8FUZQTXQy6+I75skNgn3OoQ0DZA8YnFa7gp8tqtL3KPf1kmo0R5DoApeSGQ==",
      "engines": {
        "node": ">=0.10.0"
      }
    },
    "node_modules/source-map-js": {
      "version": "1.0.2",
      "resolved": "https://registry.npmjs.org/source-map-js/-/source-map-js-1.0.2.tgz",
      "integrity": "sha512-R0XvVJ9WusLiqTCEiGCmICCMplcCkIwwR11mOSD9CR5u+IXYdiseeEuXCVAjS54zqwkLcPNnmU4OeJ6tUrWhDw==",
      "dev": true,
      "engines": {
        "node": ">=0.10.0"
      }
    },
    "node_modules/string_decoder": {
      "version": "1.1.1",
      "resolved": "https://registry.npmjs.org/string_decoder/-/string_decoder-1.1.1.tgz",
      "integrity": "sha512-n/ShnvDi6FHbbVfviro+WojiFzv+s8MPMHBczVePfUpDJLwoLT0ht1l4YwBCbi8pJAveEEdnkHyPyTP/mzRfwg==",
      "dependencies": {
        "safe-buffer": "~5.1.0"
      }
    },
    "node_modules/supports-color": {
      "version": "7.2.0",
      "resolved": "https://registry.npmjs.org/supports-color/-/supports-color-7.2.0.tgz",
      "integrity": "sha512-qpCAvRl9stuOHveKsn7HncJRvv501qIacKzQlO/+Lwxc9+0q2wLyv4Dfvt80/DPn2pqOBsJdDiogXGR9+OvwRw==",
      "dependencies": {
        "has-flag": "^4.0.0"
      },
      "engines": {
        "node": ">=8"
      }
    },
    "node_modules/temp-dir": {
      "version": "1.0.0",
      "resolved": "https://registry.npmjs.org/temp-dir/-/temp-dir-1.0.0.tgz",
      "integrity": "sha512-xZFXEGbG7SNC3itwBzI3RYjq/cEhBkx2hJuKGIUOcEULmkQExXiHat2z/qkISYsuR+IKumhEfKKbV5qXmhICFQ==",
      "engines": {
        "node": ">=4"
      }
    },
    "node_modules/tempfile": {
      "version": "2.0.0",
      "resolved": "https://registry.npmjs.org/tempfile/-/tempfile-2.0.0.tgz",
      "integrity": "sha512-ZOn6nJUgvgC09+doCEF3oB+r3ag7kUvlsXEGX069QRD60p+P3uP7XG9N2/at+EyIRGSN//ZY3LyEotA1YpmjuA==",
      "dependencies": {
        "temp-dir": "^1.0.0",
        "uuid": "^3.0.1"
      },
      "engines": {
        "node": ">=4"
      }
    },
    "node_modules/typescript": {
      "version": "5.0.4",
      "resolved": "https://registry.npmjs.org/typescript/-/typescript-5.0.4.tgz",
      "integrity": "sha512-cW9T5W9xY37cc+jfEnaUvX91foxtHkza3Nw3wkoF4sSlKn0MONdkdEndig/qPBWXNkmplh3NzayQzCiHM4/hqw==",
      "dev": true,
      "bin": {
        "tsc": "bin/tsc",
        "tsserver": "bin/tsserver"
      },
      "engines": {
        "node": ">=12.20"
      }
    },
    "node_modules/util-deprecate": {
      "version": "1.0.2",
      "resolved": "https://registry.npmjs.org/util-deprecate/-/util-deprecate-1.0.2.tgz",
      "integrity": "sha512-EPD5q1uXyFxJpCrLnCc1nHnq3gOa6DZBocAIiI2TaSCA7VCJ1UJDMagCzIkXNsUYfD1daK//LTEQ8xiIbrHtcw=="
    },
    "node_modules/uuid": {
      "version": "3.4.0",
      "resolved": "https://registry.npmjs.org/uuid/-/uuid-3.4.0.tgz",
      "integrity": "sha512-HjSDRw6gZE5JMggctHBcjVak08+KEVhSIiDzFnT9S9aegmp85S/bReBVTb4QTFaRNptJ9kuYaNhnbNEOkbKb/A==",
      "deprecated": "Please upgrade  to version 7 or higher.  Older versions may use Math.random() in certain circumstances, which is known to be problematic.  See https://v8.dev/blog/math-random for details.",
      "bin": {
        "uuid": "bin/uuid"
      }
    },
    "node_modules/vinyl": {
      "version": "2.2.1",
      "resolved": "https://registry.npmjs.org/vinyl/-/vinyl-2.2.1.tgz",
      "integrity": "sha512-LII3bXRFBZLlezoG5FfZVcXflZgWP/4dCwKtxd5ky9+LOtM4CS3bIRQsmR1KMnMW07jpE8fqR2lcxPZ+8sJIcw==",
      "dependencies": {
        "clone": "^2.1.1",
        "clone-buffer": "^1.0.0",
        "clone-stats": "^1.0.0",
        "cloneable-readable": "^1.0.0",
        "remove-trailing-separator": "^1.0.1",
        "replace-ext": "^1.0.0"
      },
      "engines": {
        "node": ">= 0.10"
      }
    },
    "node_modules/vinyl-sourcemaps-apply": {
      "version": "0.2.1",
      "resolved": "https://registry.npmjs.org/vinyl-sourcemaps-apply/-/vinyl-sourcemaps-apply-0.2.1.tgz",
      "integrity": "sha512-+oDh3KYZBoZC8hfocrbrxbLUeaYtQK7J5WU5Br9VqWqmCll3tFJqKp97GC9GmMsVIL0qnx2DgEDVxdo5EZ5sSw==",
      "dependencies": {
        "source-map": "^0.5.1"
      }
    },
    "node_modules/vite": {
      "version": "4.3.3",
      "resolved": "https://registry.npmjs.org/vite/-/vite-4.3.3.tgz",
      "integrity": "sha512-MwFlLBO4udZXd+VBcezo3u8mC77YQk+ik+fbc0GZWGgzfbPP+8Kf0fldhARqvSYmtIWoAJ5BXPClUbMTlqFxrA==",
      "dev": true,
      "dependencies": {
        "esbuild": "^0.17.5",
        "postcss": "^8.4.23",
        "rollup": "^3.21.0"
      },
      "bin": {
        "vite": "bin/vite.js"
      },
      "engines": {
        "node": "^14.18.0 || >=16.0.0"
      },
      "optionalDependencies": {
        "fsevents": "~2.3.2"
      },
      "peerDependencies": {
        "@types/node": ">= 14",
        "less": "*",
        "sass": "*",
        "stylus": "*",
        "sugarss": "*",
        "terser": "^5.4.0"
      },
      "peerDependenciesMeta": {
        "@types/node": {
          "optional": true
        },
        "less": {
          "optional": true
        },
        "sass": {
          "optional": true
        },
        "stylus": {
          "optional": true
        },
        "sugarss": {
          "optional": true
        },
        "terser": {
          "optional": true
        }
      }
    }
  }
}
